
Microsoft Visual Studio Solution File, Format Version 12.00
# Visual Studio Version 17
VisualStudioVersion = 17.4.33122.133
MinimumVisualStudioVersion = 10.0.40219.1
Project("{9A19103F-16F7-4668-BE54-9A1E7A4F7556}") = "LibraryService", "LibraryService\LibraryService.csproj", "{1EEBDCA5-DB7E-4446-8887-198CBF895DE5}"
EndProject
Project("{9A19103F-16F7-4668-BE54-9A1E7A4F7556}") = "LibraryConsoleClient", "LibraryConsoleClient\LibraryConsoleClient.csproj", "{37B3E209-B3C9-4632-AD2D-7E0520AB6307}"
EndProject
Global
	GlobalSection(SolutionConfigurationPlatforms) = preSolution
		Debug|Any CPU = Debug|Any CPU
		Release|Any CPU = Release|Any CPU
	EndGlobalSection
	GlobalSection(ProjectConfigurationPlatforms) = postSolution
		{1EEBDCA5-DB7E-4446-8887-198CBF895DE5}.Debug|Any CPU.ActiveCfg = Debug|Any CPU
		{1EEBDCA5-DB7E-4446-8887-198CBF895DE5}.Debug|Any CPU.Build.0 = Debug|Any CPU
		{1EEBDCA5-DB7E-4446-8887-198CBF895DE5}.Release|Any CPU.ActiveCfg = Release|Any CPU
		{1EEBDCA5-DB7E-4446-8887-198CBF895DE5}.Release|Any CPU.Build.0 = Release|Any CPU
		{37B3E209-B3C9-4632-AD2D-7E0520AB6307}.Debug|Any CPU.ActiveCfg = Debug|Any CPU
		{37B3E209-B3C9-4632-AD2D-7E0520AB6307}.Debug|Any CPU.Build.0 = Debug|Any CPU
		{37B3E209-B3C9-4632-AD2D-7E0520AB6307}.Release|Any CPU.ActiveCfg = Release|Any CPU
		{37B3E209-B3C9-4632-AD2D-7E0520AB6307}.Release|Any CPU.Build.0 = Release|Any CPU
	EndGlobalSection
	GlobalSection(SolutionProperties) = preSolution
		HideSolutionNode = FALSE
	EndGlobalSection
	GlobalSection(ExtensibilityGlobals) = postSolution
		SolutionGuid = {D1D034F9-5787-4C01-BC50-FB6F34F1F615}
	EndGlobalSection
EndGlobal
